
Microsoft Visual Studio Solution File, Format Version 12.00
# Visual Studio Version 17
VisualStudioVersion = 17.5.33502.453
MinimumVisualStudioVersion = 10.0.40219.1
Project("{FAE04EC0-301F-11D3-BF4B-00C04F79EFBC}") = "Disconnected Environment", "Disconnected Environment\Disconnected Environment.csproj", "{21416A16-6C53-44E1-852F-11852493881A}"
EndProject
Global
	GlobalSection(SolutionConfigurationPlatforms) = preSolution
		Debug|Any CPU = Debug|Any CPU
		Release|Any CPU = Release|Any CPU
	EndGlobalSection
	GlobalSection(ProjectConfigurationPlatforms) = postSolution
		{21416A16-6C53-44E1-852F-11852493881A}.Debug|Any CPU.ActiveCfg = Debug|Any CPU
		{21416A16-6C53-44E1-852F-11852493881A}.Debug|Any CPU.Build.0 = Debug|Any CPU
		{21416A16-6C53-44E1-852F-11852493881A}.Release|Any CPU.ActiveCfg = Release|Any CPU
		{21416A16-6C53-44E1-852F-11852493881A}.Release|Any CPU.Build.0 = Release|Any CPU
	EndGlobalSection
	GlobalSection(SolutionProperties) = preSolution
		HideSolutionNode = FALSE
	EndGlobalSection
	GlobalSection(ExtensibilityGlobals) = postSolution
		SolutionGuid = {F64EA33F-F483-473B-9E23-773400AEA9FB}
	EndGlobalSection
EndGlobal
